
Microsoft Visual Studio Solution File, Format Version 12.00
# Visual Studio Version 17
VisualStudioVersion = 17.14.36511.14
MinimumVisualStudioVersion = 10.0.40219.1
Project("{FAE04EC0-301F-11D3-BF4B-00C04F79EFBC}") = "SV22T1020697.Admin", "SV22T1020697.Admin\SV22T1020697.Admin.csproj", "{A104B6BD-51EF-482C-8D6F-FAAAD9D0855B}"
EndProject
Project("{FAE04EC0-301F-11D3-BF4B-00C04F79EFBC}") = "SV22T1020697.Shop", "SV22T1020697.Shop\SV22T1020697.Shop.csproj", "{120A845B-3A98-4322-8CB4-A5F0D2C931B7}"
EndProject
Project("{FAE04EC0-301F-11D3-BF4B-00C04F79EFBC}") = "SV22T1020697.Models", "SV22T1020697.Models\SV22T1020697.Models.csproj", "{DF805BAD-8808-4697-B8D7-B6420391547E}"
EndProject
Project("{FAE04EC0-301F-11D3-BF4B-00C04F79EFBC}") = "SV22T1020697.DataLayers", "SV22T1020697.DomainModels\SV22T1020697.DataLayers.csproj", "{9389F55C-3877-4C1B-8DFC-4410D20E0BE3}"
EndProject
Project("{FAE04EC0-301F-11D3-BF4B-00C04F79EFBC}") = "SV22T1020697.BusinessLayers", "SV22T1020697.BusinessLayers\SV22T1020697.BusinessLayers.csproj", "{58CFC4F2-591C-4880-B18E-317744806A27}"
EndProject
Project("{2150E333-8FDC-42A3-9474-1A3956D46DE8}") = "Applications", "Applications", "{02EA681E-C7D8-13C7-8484-4AC65E1B71E8}"
EndProject
Project("{2150E333-8FDC-42A3-9474-1A3956D46DE8}") = "Libraries", "Libraries", "{B5C871B1-FFEE-4C7A-AFF0-1B8E8CBC6690}"
EndProject
Global
	GlobalSection(SolutionConfigurationPlatforms) = preSolution
		Debug|Any CPU = Debug|Any CPU
		Release|Any CPU = Release|Any CPU
	EndGlobalSection
	GlobalSection(ProjectConfigurationPlatforms) = postSolution
		{A104B6BD-51EF-482C-8D6F-FAAAD9D0855B}.Debug|Any CPU.ActiveCfg = Debug|Any CPU
		{A104B6BD-51EF-482C-8D6F-FAAAD9D0855B}.Debug|Any CPU.Build.0 = Debug|Any CPU
		{A104B6BD-51EF-482C-8D6F-FAAAD9D0855B}.Release|Any CPU.ActiveCfg = Release|Any CPU
		{A104B6BD-51EF-482C-8D6F-FAAAD9D0855B}.Release|Any CPU.Build.0 = Release|Any CPU
		{120A845B-3A98-4322-8CB4-A5F0D2C931B7}.Debug|Any CPU.ActiveCfg = Debug|Any CPU
		{120A845B-3A98-4322-8CB4-A5F0D2C931B7}.Debug|Any CPU.Build.0 = Debug|Any CPU
		{120A845B-3A98-4322-8CB4-A5F0D2C931B7}.Release|Any CPU.ActiveCfg = Release|Any CPU
		{120A845B-3A98-4322-8CB4-A5F0D2C931B7}.Release|Any CPU.Build.0 = Release|Any CPU
		{DF805BAD-8808-4697-B8D7-B6420391547E}.Debug|Any CPU.ActiveCfg = Debug|Any CPU
		{DF805BAD-8808-4697-B8D7-B6420391547E}.Debug|Any CPU.Build.0 = Debug|Any CPU
		{DF805BAD-8808-4697-B8D7-B6420391547E}.Release|Any CPU.ActiveCfg = Release|Any CPU
		{DF805BAD-8808-4697-B8D7-B6420391547E}.Release|Any CPU.Build.0 = Release|Any CPU
		{9389F55C-3877-4C1B-8DFC-4410D20E0BE3}.Debug|Any CPU.ActiveCfg = Debug|Any CPU
		{9389F55C-3877-4C1B-8DFC-4410D20E0BE3}.Debug|Any CPU.Build.0 = Debug|Any CPU
		{9389F55C-3877-4C1B-8DFC-4410D20E0BE3}.Release|Any CPU.ActiveCfg = Release|Any CPU
		{9389F55C-3877-4C1B-8DFC-4410D20E0BE3}.Release|Any CPU.Build.0 = Release|Any CPU
		{58CFC4F2-591C-4880-B18E-317744806A27}.Debug|Any CPU.ActiveCfg = Debug|Any CPU
		{58CFC4F2-591C-4880-B18E-317744806A27}.Debug|Any CPU.Build.0 = Debug|Any CPU
		{58CFC4F2-591C-4880-B18E-317744806A27}.Release|Any CPU.ActiveCfg = Release|Any CPU
		{58CFC4F2-591C-4880-B18E-317744806A27}.Release|Any CPU.Build.0 = Release|Any CPU
	EndGlobalSection
	GlobalSection(SolutionProperties) = preSolution
		HideSolutionNode = FALSE
	EndGlobalSection
	GlobalSection(NestedProjects) = preSolution
		{A104B6BD-51EF-482C-8D6F-FAAAD9D0855B} = {02EA681E-C7D8-13C7-8484-4AC65E1B71E8}
		{120A845B-3A98-4322-8CB4-A5F0D2C931B7} = {02EA681E-C7D8-13C7-8484-4AC65E1B71E8}
		{DF805BAD-8808-4697-B8D7-B6420391547E} = {B5C871B1-FFEE-4C7A-AFF0-1B8E8CBC6690}
		{9389F55C-3877-4C1B-8DFC-4410D20E0BE3} = {B5C871B1-FFEE-4C7A-AFF0-1B8E8CBC6690}
		{58CFC4F2-591C-4880-B18E-317744806A27} = {B5C871B1-FFEE-4C7A-AFF0-1B8E8CBC6690}
	EndGlobalSection
	GlobalSection(ExtensibilityGlobals) = postSolution
		SolutionGuid = {AD00C50D-76EB-4C7A-A732-54612A91B457}
	EndGlobalSection
EndGlobal
